{
    "name": "realtime-sync",
    "version": "0.0.1",
    "lockfileVersion": 3,
    "requires": true,
    "packages": {
        "": {
            "name": "realtime-sync",
            "version": "0.0.1",
            "license": "MIT",
            "dependencies": {
                "mobx": "^6.7.0",
                "uuid": "^9.0.0"
            },
            "devDependencies": {
                "@types/node": "^18.11.10",
                "@types/uuid": "^9.0.0",
                "typescript": "^4.9.3"
            }
        },
        "node_modules/@types/node": {
            "version": "18.16.19",
            "resolved": "https://registry.npmjs.org/@types/node/-/node-18.16.19.tgz",
            "integrity": "sha512-IXl7o+R9iti9eBW4Wg2hx1xQDig183jj7YLn8F7udNceyfkbn1ZxmzZXuak20gR40D7pIkIY1kYGx5VIGbaHKA==",
            "dev": true
        },
        "node_modules/@types/uuid": {
            "version": "9.0.2",
            "resolved": "https://registry.npmjs.org/@types/uuid/-/uuid-9.0.2.tgz",
            "integrity": "sha512-kNnC1GFBLuhImSnV7w4njQkUiJi0ZXUycu1rUaouPqiKlXkh77JKgdRnTAp1x5eBwcIwbtI+3otwzuIDEuDoxQ==",
            "dev": true
        },
        "node_modules/mobx": {
            "version": "6.9.1",
            "resolved": "https://registry.npmjs.org/mobx/-/mobx-6.9.1.tgz",
            "integrity": "sha512-7V41hvBmzCQg5n/xoZi2qkhREbnF3wHbzbIdR1sLJhVt6yWq2Zq0FlNahEt/RccOmEIjipvBqeQ4mlOEyMhaaA==",
            "funding": {
                "type": "opencollective",
                "url": "https://opencollective.com/mobx"
            }
        },
        "node_modules/typescript": {
            "version": "4.9.5",
            "resolved": "https://registry.npmjs.org/typescript/-/typescript-4.9.5.tgz",
            "integrity": "sha512-1FXk9E2Hm+QzZQ7z+McJiHL4NW1F2EzMu9Nq9i3zAaGqibafqYwCVU6WyWAuyQRRzOlxou8xZSyXLEN8oKj24g==",
            "dev": true,
            "bin": {
                "tsc": "bin/tsc",
                "tsserver": "bin/tsserver"
            },
            "engines": {
                "node": ">=4.2.0"
            }
        },
        "node_modules/uuid": {
            "version": "9.0.0",
            "resolved": "https://registry.npmjs.org/uuid/-/uuid-9.0.0.tgz",
            "integrity": "sha512-MXcSTerfPa4uqyzStbRoTgt5XIe3x5+42+q1sDuy3R5MDk66URdLMOZe5aPX/SQd+kuYAh0FdP/pO28IkQyTeg==",
            "bin": {
                "uuid": "dist/bin/uuid"
            }
        }
    }
}
